
Microsoft Visual Studio Solution File, Format Version 12.00
# Visual Studio Version 16
VisualStudioVersion = 16.0.31205.134
MinimumVisualStudioVersion = 10.0.40219.1
Project("{FAE04EC0-301F-11D3-BF4B-00C04F79EFBC}") = "многооконное приложение", "многооконное приложение\многооконное приложение.csproj", "{F9EF98BE-0905-4251-B887-D77CC28C44B6}"
EndProject
Global
	GlobalSection(SolutionConfigurationPlatforms) = preSolution
		Debug|Any CPU = Debug|Any CPU
		Release|Any CPU = Release|Any CPU
	EndGlobalSection
	GlobalSection(ProjectConfigurationPlatforms) = postSolution
		{F9EF98BE-0905-4251-B887-D77CC28C44B6}.Debug|Any CPU.ActiveCfg = Debug|Any CPU
		{F9EF98BE-0905-4251-B887-D77CC28C44B6}.Debug|Any CPU.Build.0 = Debug|Any CPU
		{F9EF98BE-0905-4251-B887-D77CC28C44B6}.Release|Any CPU.ActiveCfg = Release|Any CPU
		{F9EF98BE-0905-4251-B887-D77CC28C44B6}.Release|Any CPU.Build.0 = Release|Any CPU
	EndGlobalSection
	GlobalSection(SolutionProperties) = preSolution
		HideSolutionNode = FALSE
	EndGlobalSection
	GlobalSection(ExtensibilityGlobals) = postSolution
		SolutionGuid = {DABE39E4-6A7D-4A1F-B77C-DB08E0C45ECD}
	EndGlobalSection
EndGlobal
